// !$*UTF8*$!
{
	archiveVersion = 1;
	classes = {
	};
	objectVersion = 56;
	objects = {

/* Begin PBXBuildFile section */
		851F2FBA2A0A5E7900F012DA /* MainNavigationController.swift in Sources */ = {isa = PBXBuildFile; fileRef = 851F2FB92A0A5E7900F012DA /* MainNavigationController.swift */; };
		858BF3602A0BFA12007D4ABE /* InfectHumansModel.swift in Sources */ = {isa = PBXBuildFile; fileRef = 858BF35F2A0BFA12007D4ABE /* InfectHumansModel.swift */; };
		859827C22A07FBA100414760 /* AppDelegate.swift in Sources */ = {isa = PBXBuildFile; fileRef = 859827C12A07FBA100414760 /* AppDelegate.swift */; };
		859827C62A07FBA100414760 /* CollectionViewController.swift in Sources */ = {isa = PBXBuildFile; fileRef = 859827C52A07FBA100414760 /* CollectionViewController.swift */; };
		859827CB2A07FBA200414760 /* Assets.xcassets in Resources */ = {isa = PBXBuildFile; fileRef = 859827CA2A07FBA200414760 /* Assets.xcassets */; };
		859827CE2A07FBA200414760 /* LaunchScreen.storyboard in Resources */ = {isa = PBXBuildFile; fileRef = 859827CC2A07FBA200414760 /* LaunchScreen.storyboard */; };
		859827D72A08029700414760 /* CollectionCell.swift in Sources */ = {isa = PBXBuildFile; fileRef = 859827D62A08029700414760 /* CollectionCell.swift */; };
		859827D92A08075D00414760 /* ViewExtensions.swift in Sources */ = {isa = PBXBuildFile; fileRef = 859827D82A08075D00414760 /* ViewExtensions.swift */; };
		85D3367C2A097122003F4CD3 /* EpidemicService.swift in Sources */ = {isa = PBXBuildFile; fileRef = 85D3367B2A097122003F4CD3 /* EpidemicService.swift */; };
		85D3367E2A0A2186003F4CD3 /* StartScreenController.swift in Sources */ = {isa = PBXBuildFile; fileRef = 85D3367D2A0A2186003F4CD3 /* StartScreenController.swift */; };
/* End PBXBuildFile section */

/* Begin PBXFileReference section */
		851F2FB92A0A5E7900F012DA /* MainNavigationController.swift */ = {isa = PBXFileReference; lastKnownFileType = sourcecode.swift; path = MainNavigationController.swift; sourceTree = "<group>"; };
		858BF35F2A0BFA12007D4ABE /* InfectHumansModel.swift */ = {isa = PBXFileReference; lastKnownFileType = sourcecode.swift; path = InfectHumansModel.swift; sourceTree = "<group>"; };
		859827BE2A07FBA100414760 /* Epidemic.app */ = {isa = PBXFileReference; explicitFileType = wrapper.application; includeInIndex = 0; path = Epidemic.app; sourceTree = BUILT_PRODUCTS_DIR; };
		859827C12A07FBA100414760 /* AppDelegate.swift */ = {isa = PBXFileReference; lastKnownFileType = sourcecode.swift; path = AppDelegate.swift; sourceTree = "<group>"; };
		859827C52A07FBA100414760 /* CollectionViewController.swift */ = {isa = PBXFileReference; lastKnownFileType = sourcecode.swift; path = CollectionViewController.swift; sourceTree = "<group>"; };
		859827CA2A07FBA200414760 /* Assets.xcassets */ = {isa = PBXFileReference; lastKnownFileType = folder.assetcatalog; path = Assets.xcassets; sourceTree = "<group>"; };
		859827CD2A07FBA200414760 /* Base */ = {isa = PBXFileReference; lastKnownFileType = file.storyboard; name = Base; path = Base.lproj/LaunchScreen.storyboard; sourceTree = "<group>"; };
		859827CF2A07FBA200414760 /* Info.plist */ = {isa = PBXFileReference; lastKnownFileType = text.plist.xml; path = Info.plist; sourceTree = "<group>"; };
		859827D62A08029700414760 /* CollectionCell.swift */ = {isa = PBXFileReference; lastKnownFileType = sourcecode.swift; path = CollectionCell.swift; sourceTree = "<group>"; };
		859827D82A08075D00414760 /* ViewExtensions.swift */ = {isa = PBXFileReference; lastKnownFileType = sourcecode.swift; path = ViewExtensions.swift; sourceTree = "<group>"; };
		85D3367B2A097122003F4CD3 /* EpidemicService.swift */ = {isa = PBXFileReference; lastKnownFileType = sourcecode.swift; path = EpidemicService.swift; sourceTree = "<group>"; };
		85D3367D2A0A2186003F4CD3 /* StartScreenController.swift */ = {isa = PBXFileReference; lastKnownFileType = sourcecode.swift; path = StartScreenController.swift; sourceTree = "<group>"; };
/* End PBXFileReference section */

/* Begin PBXFrameworksBuildPhase section */
		859827BB2A07FBA100414760 /* Frameworks */ = {
			isa = PBXFrameworksBuildPhase;
			buildActionMask = 2147483647;
			files = (
			);
			runOnlyForDeploymentPostprocessing = 0;
		};
/* End PBXFrameworksBuildPhase section */

/* Begin PBXGroup section */
		859827B52A07FBA100414760 = {
			isa = PBXGroup;
			children = (
				859827C02A07FBA100414760 /* Epidemic */,
				859827BF2A07FBA100414760 /* Products */,
			);
			sourceTree = "<group>";
		};
		859827BF2A07FBA100414760 /* Products */ = {
			isa = PBXGroup;
			children = (
				859827BE2A07FBA100414760 /* Epidemic.app */,
			);
			name = Products;
			sourceTree = "<group>";
		};
		859827C02A07FBA100414760 /* Epidemic */ = {
			isa = PBXGroup;
			children = (
				85D3367A2A0970F2003F4CD3 /* Services */,
				859827D52A08027C00414760 /* Views */,
				859827C12A07FBA100414760 /* AppDelegate.swift */,
				85D3367D2A0A2186003F4CD3 /* StartScreenController.swift */,
				851F2FB92A0A5E7900F012DA /* MainNavigationController.swift */,
				859827C52A07FBA100414760 /* CollectionViewController.swift */,
				859827CA2A07FBA200414760 /* Assets.xcassets */,
				859827CC2A07FBA200414760 /* LaunchScreen.storyboard */,
				859827CF2A07FBA200414760 /* Info.plist */,
			);
			path = Epidemic;
			sourceTree = "<group>";
		};
		859827D52A08027C00414760 /* Views */ = {
			isa = PBXGroup;
			children = (
				859827D62A08029700414760 /* CollectionCell.swift */,
				859827D82A08075D00414760 /* ViewExtensions.swift */,
			);
			path = Views;
			sourceTree = "<group>";
		};
		85D3367A2A0970F2003F4CD3 /* Services */ = {
			isa = PBXGroup;
			children = (
				85D3367B2A097122003F4CD3 /* EpidemicService.swift */,
				858BF35F2A0BFA12007D4ABE /* InfectHumansModel.swift */,
			);
			path = Services;
			sourceTree = "<group>";
		};
/* End PBXGroup section */

/* Begin PBXNativeTarget section */
		859827BD2A07FBA100414760 /* Epidemic */ = {
			isa = PBXNativeTarget;
			buildConfigurationList = 859827D22A07FBA200414760 /* Build configuration list for PBXNativeTarget "Epidemic" */;
			buildPhases = (
				859827BA2A07FBA100414760 /* Sources */,
				859827BB2A07FBA100414760 /* Frameworks */,
				859827BC2A07FBA100414760 /* Resources */,
			);
			buildRules = (
			);
			dependencies = (
			);
			name = Epidemic;
			productName = Epidemic;
			productReference = 859827BE2A07FBA100414760 /* Epidemic.app */;
			productType = "com.apple.product-type.application";
		};
/* End PBXNativeTarget section */

/* Begin PBXProject section */
		859827B62A07FBA100414760 /* Project object */ = {
			isa = PBXProject;
			attributes = {
				BuildIndependentTargetsInParallel = 1;
				LastSwiftUpdateCheck = 1410;
				LastUpgradeCheck = 1410;
				TargetAttributes = {
					859827BD2A07FBA100414760 = {
						CreatedOnToolsVersion = 14.1;
					};
				};
			};
			buildConfigurationList = 859827B92A07FBA100414760 /* Build configuration list for PBXProject "Epidemic" */;
			compatibilityVersion = "Xcode 14.0";
			developmentRegion = en;
			hasScannedForEncodings = 0;
			knownRegions = (
				en,
				Base,
			);
			mainGroup = 859827B52A07FBA100414760;
			productRefGroup = 859827BF2A07FBA100414760 /* Products */;
			projectDirPath = "";
			projectRoot = "";
			targets = (
				859827BD2A07FBA100414760 /* Epidemic */,
			);
		};
/* End PBXProject section */

/* Begin PBXResourcesBuildPhase section */
		859827BC2A07FBA100414760 /* Resources */ = {
			isa = PBXResourcesBuildPhase;
			buildActionMask = 2147483647;
			files = (
				859827CE2A07FBA200414760 /* LaunchScreen.storyboard in Resources */,
				859827CB2A07FBA200414760 /* Assets.xcassets in Resources */,
			);
			runOnlyForDeploymentPostprocessing = 0;
		};
/* End PBXResourcesBuildPhase section */

/* Begin PBXSourcesBuildPhase section */
		859827BA2A07FBA100414760 /* Sources */ = {
			isa = PBXSourcesBuildPhase;
			buildActionMask = 2147483647;
			files = (
				858BF3602A0BFA12007D4ABE /* InfectHumansModel.swift in Sources */,
				85D3367C2A097122003F4CD3 /* EpidemicService.swift in Sources */,
				859827C62A07FBA100414760 /* CollectionViewController.swift in Sources */,
				85D3367E2A0A2186003F4CD3 /* StartScreenController.swift in Sources */,
				859827C22A07FBA100414760 /* AppDelegate.swift in Sources */,
				851F2FBA2A0A5E7900F012DA /* MainNavigationController.swift in Sources */,
				859827D92A08075D00414760 /* ViewExtensions.swift in Sources */,
				859827D72A08029700414760 /* CollectionCell.swift in Sources */,
			);
			runOnlyForDeploymentPostprocessing = 0;
		};
/* End PBXSourcesBuildPhase section */

/* Begin PBXVariantGroup section */
		859827CC2A07FBA200414760 /* LaunchScreen.storyboard */ = {
			isa = PBXVariantGroup;
			children = (
				859827CD2A07FBA200414760 /* Base */,
			);
			name = LaunchScreen.storyboard;
			sourceTree = "<group>";
		};
/* End PBXVariantGroup section */

/* Begin XCBuildConfiguration section */
		859827D02A07FBA200414760 /* Debug */ = {
			isa = XCBuildConfiguration;
			buildSettings = {
				ALWAYS_SEARCH_USER_PATHS = NO;
				CLANG_ANALYZER_NONNULL = YES;
				CLANG_ANALYZER_NUMBER_OBJECT_CONVERSION = YES_AGGRESSIVE;
				CLANG_CXX_LANGUAGE_STANDARD = "gnu++20";
				CLANG_ENABLE_MODULES = YES;
				CLANG_ENABLE_OBJC_ARC = YES;
				CLANG_ENABLE_OBJC_WEAK = YES;
				CLANG_WARN_BLOCK_CAPTURE_AUTORELEASING = YES;
				CLANG_WARN_BOOL_CONVERSION = YES;
				CLANG_WARN_COMMA = YES;
				CLANG_WARN_CONSTANT_CONVERSION = YES;
				CLANG_WARN_DEPRECATED_OBJC_IMPLEMENTATIONS = YES;
				CLANG_WARN_DIRECT_OBJC_ISA_USAGE = YES_ERROR;
				CLANG_WARN_DOCUMENTATION_COMMENTS = YES;
				CLANG_WARN_EMPTY_BODY = YES;
				CLANG_WARN_ENUM_CONVERSION = YES;
				CLANG_WARN_INFINITE_RECURSION = YES;
				CLANG_WARN_INT_CONVERSION = YES;
				CLANG_WARN_NON_LITERAL_NULL_CONVERSION = YES;
				CLANG_WARN_OBJC_IMPLICIT_RETAIN_SELF = YES;
				CLANG_WARN_OBJC_LITERAL_CONVERSION = YES;
				CLANG_WARN_OBJC_ROOT_CLASS = YES_ERROR;
				CLANG_WARN_QUOTED_INCLUDE_IN_FRAMEWORK_HEADER = YES;
				CLANG_WARN_RANGE_LOOP_ANALYSIS = YES;
				CLANG_WARN_STRICT_PROTOTYPES = YES;
				CLANG_WARN_SUSPICIOUS_MOVE = YES;
				CLANG_WARN_UNGUARDED_AVAILABILITY = YES_AGGRESSIVE;
				CLANG_WARN_UNREACHABLE_CODE = YES;
				CLANG_WARN__DUPLICATE_METHOD_MATCH = YES;
				COPY_PHASE_STRIP = NO;
				DEBUG_INFORMATION_FORMAT = dwarf;
				ENABLE_STRICT_OBJC_MSGSEND = YES;
				ENABLE_TESTABILITY = YES;
				GCC_C_LANGUAGE_STANDARD = gnu11;
				GCC_DYNAMIC_NO_PIC = NO;
				GCC_NO_COMMON_BLOCKS = YES;
				GCC_OPTIMIZATION_LEVEL = 0;
				GCC_PREPROCESSOR_DEFINITIONS = (
					"DEBUG=1",
					"$(inherited)",
				);
				GCC_WARN_64_TO_32_BIT_CONVERSION = YES;
				GCC_WARN_ABOUT_RETURN_TYPE = YES_ERROR;
				GCC_WARN_UNDECLARED_SELECTOR = YES;
				GCC_WARN_UNINITIALIZED_AUTOS = YES_AGGRESSIVE;
				GCC_WARN_UNUSED_FUNCTION = YES;
				GCC_WARN_UNUSED_VARIABLE = YES;
				IPHONEOS_DEPLOYMENT_TARGET = 16.1;
				MTL_ENABLE_DEBUG_INFO = INCLUDE_SOURCE;
				MTL_FAST_MATH = YES;
				ONLY_ACTIVE_ARCH = YES;
				SDKROOT = iphoneos;
				SWIFT_ACTIVE_COMPILATION_CONDITIONS = DEBUG;
				SWIFT_OPTIMIZATION_LEVEL = "-Onone";
			};
			name = Debug;
		};
		859827D12A07FBA200414760 /* Release */ = {
			isa = XCBuildConfiguration;
			buildSettings = {
				ALWAYS_SEARCH_USER_PATHS = NO;
				CLANG_ANALYZER_NONNULL = YES;
				CLANG_ANALYZER_NUMBER_OBJECT_CONVERSION = YES_AGGRESSIVE;
				CLANG_CXX_LANGUAGE_STANDARD = "gnu++20";
				CLANG_ENABLE_MODULES = YES;
				CLANG_ENABLE_OBJC_ARC = YES;
				CLANG_ENABLE_OBJC_WEAK = YES;
				CLANG_WARN_BLOCK_CAPTURE_AUTORELEASING = YES;
				CLANG_WARN_BOOL_CONVERSION = YES;
				CLANG_WARN_COMMA = YES;
				CLANG_WARN_CONSTANT_CONVERSION = YES;
				CLANG_WARN_DEPRECATED_OBJC_IMPLEMENTATIONS = YES;
				CLANG_WARN_DIRECT_OBJC_ISA_USAGE = YES_ERROR;
				CLANG_WARN_DOCUMENTATION_COMMENTS = YES;
				CLANG_WARN_EMPTY_BODY = YES;
				CLANG_WARN_ENUM_CONVERSION = YES;
				CLANG_WARN_INFINITE_RECURSION = YES;
				CLANG_WARN_INT_CONVERSION = YES;
				CLANG_WARN_NON_LITERAL_NULL_CONVERSION = YES;
				CLANG_WARN_OBJC_IMPLICIT_RETAIN_SELF = YES;
				CLANG_WARN_OBJC_LITERAL_CONVERSION = YES;
				CLANG_WARN_OBJC_ROOT_CLASS = YES_ERROR;
				CLANG_WARN_QUOTED_INCLUDE_IN_FRAMEWORK_HEADER = YES;
				CLANG_WARN_RANGE_LOOP_ANALYSIS = YES;
				CLANG_WARN_STRICT_PROTOTYPES = YES;
				CLANG_WARN_SUSPICIOUS_MOVE = YES;
				CLANG_WARN_UNGUARDED_AVAILABILITY = YES_AGGRESSIVE;
				CLANG_WARN_UNREACHABLE_CODE = YES;
				CLANG_WARN__DUPLICATE_METHOD_MATCH = YES;
				COPY_PHASE_STRIP = NO;
				DEBUG_INFORMATION_FORMAT = "dwarf-with-dsym";
				ENABLE_NS_ASSERTIONS = NO;
				ENABLE_STRICT_OBJC_MSGSEND = YES;
				GCC_C_LANGUAGE_STANDARD = gnu11;
				GCC_NO_COMMON_BLOCKS = YES;
				GCC_WARN_64_TO_32_BIT_CONVERSION = YES;
				GCC_WARN_ABOUT_RETURN_TYPE = YES_ERROR;
				GCC_WARN_UNDECLARED_SELECTOR = YES;
				GCC_WARN_UNINITIALIZED_AUTOS = YES_AGGRESSIVE;
				GCC_WARN_UNUSED_FUNCTION = YES;
				GCC_WARN_UNUSED_VARIABLE = YES;
				IPHONEOS_DEPLOYMENT_TARGET = 16.1;
				MTL_ENABLE_DEBUG_INFO = NO;
				MTL_FAST_MATH = YES;
				SDKROOT = iphoneos;
				SWIFT_COMPILATION_MODE = wholemodule;
				SWIFT_OPTIMIZATION_LEVEL = "-O";
				VALIDATE_PRODUCT = YES;
			};
			name = Release;
		};
		859827D32A07FBA200414760 /* Debug */ = {
			isa = XCBuildConfiguration;
			buildSettings = {
				ASSETCATALOG_COMPILER_APPICON_NAME = AppIcon;
				ASSETCATALOG_COMPILER_GLOBAL_ACCENT_COLOR_NAME = AccentColor;
				CODE_SIGN_STYLE = Automatic;
				CURRENT_PROJECT_VERSION = 1;
				DEVELOPMENT_TEAM = FJK2VYZ24D;
				GENERATE_INFOPLIST_FILE = YES;
				INFOPLIST_FILE = Epidemic/Info.plist;
				INFOPLIST_KEY_UIApplicationSupportsIndirectInputEvents = YES;
				INFOPLIST_KEY_UILaunchStoryboardName = LaunchScreen;
				INFOPLIST_KEY_UIMainStoryboardFile = "";
				INFOPLIST_KEY_UISupportedInterfaceOrientations_iPad = "UIInterfaceOrientationPortrait UIInterfaceOrientationPortraitUpsideDown UIInterfaceOrientationLandscapeLeft UIInterfaceOrientationLandscapeRight";
				INFOPLIST_KEY_UISupportedInterfaceOrientations_iPhone = "UIInterfaceOrientationPortrait UIInterfaceOrientationLandscapeLeft UIInterfaceOrientationLandscapeRight";
				IPHONEOS_DEPLOYMENT_TARGET = 15.5;
				LD_RUNPATH_SEARCH_PATHS = (
					"$(inherited)",
					"@executable_path/Frameworks",
				);
				MARKETING_VERSION = 1.0;
				PRODUCT_BUNDLE_IDENTIFIER = evg.sh.Epidemic;
				PRODUCT_NAME = "$(TARGET_NAME)";
				SWIFT_EMIT_LOC_STRINGS = YES;
				SWIFT_VERSION = 5.0;
				TARGETED_DEVICE_FAMILY = "1,2";
			};
			name = Debug;
		};
		859827D42A07FBA200414760 /* Release */ = {
			isa = XCBuildConfiguration;
			buildSettings = {
				ASSETCATALOG_COMPILER_APPICON_NAME = AppIcon;
				ASSETCATALOG_COMPILER_GLOBAL_ACCENT_COLOR_NAME = AccentColor;
				CODE_SIGN_STYLE = Automatic;
				CURRENT_PROJECT_VERSION = 1;
				DEVELOPMENT_TEAM = FJK2VYZ24D;
				GENERATE_INFOPLIST_FILE = YES;
				INFOPLIST_FILE = Epidemic/Info.plist;
				INFOPLIST_KEY_UIApplicationSupportsIndirectInputEvents = YES;
				INFOPLIST_KEY_UILaunchStoryboardName = LaunchScreen;
				INFOPLIST_KEY_UIMainStoryboardFile = "";
				INFOPLIST_KEY_UISupportedInterfaceOrientations_iPad = "UIInterfaceOrientationPortrait UIInterfaceOrientationPortraitUpsideDown UIInterfaceOrientationLandscapeLeft UIInterfaceOrientationLandscapeRight";
				INFOPLIST_KEY_UISupportedInterfaceOrientations_iPhone = "UIInterfaceOrientationPortrait UIInterfaceOrientationLandscapeLeft UIInterfaceOrientationLandscapeRight";
				IPHONEOS_DEPLOYMENT_TARGET = 15.5;
				LD_RUNPATH_SEARCH_PATHS = (
					"$(inherited)",
					"@executable_path/Frameworks",
				);
				MARKETING_VERSION = 1.0;
				PRODUCT_BUNDLE_IDENTIFIER = evg.sh.Epidemic;
				PRODUCT_NAME = "$(TARGET_NAME)";
				SWIFT_EMIT_LOC_STRINGS = YES;
				SWIFT_VERSION = 5.0;
				TARGETED_DEVICE_FAMILY = "1,2";
			};
			name = Release;
		};
/* End XCBuildConfiguration section */

/* Begin XCConfigurationList section */
		859827B92A07FBA100414760 /* Build configuration list for PBXProject "Epidemic" */ = {
			isa = XCConfigurationList;
			buildConfigurations = (
				859827D02A07FBA200414760 /* Debug */,
				859827D12A07FBA200414760 /* Release */,
			);
			defaultConfigurationIsVisible = 0;
			defaultConfigurationName = Release;
		};
		859827D22A07FBA200414760 /* Build configuration list for PBXNativeTarget "Epidemic" */ = {
			isa = XCConfigurationList;
			buildConfigurations = (
				859827D32A07FBA200414760 /* Debug */,
				859827D42A07FBA200414760 /* Release */,
			);
			defaultConfigurationIsVisible = 0;
			defaultConfigurationName = Release;
		};
/* End XCConfigurationList section */
	};
	rootObject = 859827B62A07FBA100414760 /* Project object */;
}
